{
  "version": 4,
  "terraform_version": "1.1.5",
  "serial": 17,
  "lineage": "20bba052-a584-01b8-06a6-a7cb48571712",
  "outputs": {
    "resource_group_name": {
      "value": "FLTraining-rg",
      "type": "string"
    }
  },
  "resources": [
    {
      "mode": "managed",
      "type": "azurerm_resource_group",
      "name": "rg",
      "provider": "provider[\"registry.terraform.io/hashicorp/azurerm\"]",
      "instances": [
        {
          "schema_version": 0,
          "attributes": {
            "id": "/subscriptions/282e3ae7-cd70-49bc-b082-c779e0240386/resourceGroups/FLTraining-rg",
            "location": "southeastasia",
            "managed_by": "",
            "name": "FLTraining-rg",
            "tags": {},
            "timeouts": null
          },
          "sensitive_attributes": [],
          "private": "eyJlMmJmYjczMC1lY2FhLTExZTYtOGY4OC0zNDM2M2JjN2M0YzAiOnsiY3JlYXRlIjo1NDAwMDAwMDAwMDAwLCJkZWxldGUiOjU0MDAwMDAwMDAwMDAsInJlYWQiOjMwMDAwMDAwMDAwMCwidXBkYXRlIjo1NDAwMDAwMDAwMDAwfX0="
        }
      ]
    }
  ]
}
