{
  "version": 4,
  "terraform_version": "1.1.5",
  "serial": 58,
  "lineage": "20bba052-a584-01b8-06a6-a7cb48571712",
  "outputs": {
    "cp_pip": {
      "value": "52.187.146.174",
      "type": "string"
    },
    "key_data": {
      "value": "ssh-rsa AAAAB3NzaC1yc2EAAAADAQABAAABgQDWGGXIJt0Eh4Abk1KRBi/WhQ4WkXZAgT2yjZj5aPDn4xU39TK9vldbLN1biUazpEf56gHWDSVQoiSW4CobCXkLM+ixjBao98EqyFr+aogAxHyZbl5jZARaqAyE+xJmXUNxtCIpkBtnJ/0CBVedUPWGB4y8Nfmq0kAUDxa/WzlXrUnD37EPLjsqLtB+ornTFzdsTEphxRTvU2RbNxhZRIn2taAoYyf+/BGhB6aJ7YIjsnQTxJhdj1+N+2Bx3RyTzyYh0FObwJ1V64fqsvvD8Ixv8zAFtNi34DCTvKC5XqDmDInN7ea9JDwdkND83KOcHbMFLQfY+L2WUVowiWfk38NIUuYUzp8rYeFhDlVEfmUSya6rOigmpws0ygQJTYhaXiokkGknI1mI+I5rgBOt9tRvOZjIll3hCn5IEldlA71ypHfVaK8r9h+2vpw96LgL1JOjTB2hiTXFu1AYGIcUpD7pcuytUWvU8QJ1blp00zvyJfN/sH4cCAlMpAdiVwuWh7E= generated-by-azure",
      "type": "string"
    },
    "private_key": {
      "value": "-----BEGIN RSA PRIVATE KEY-----\r\nMIIG4gIBAAKCAYEA1hhlyCbdBIeAG5NSkQYv1oUOFpF2QIE9so2Y+Wjw5+MVN/Uy\r\nvb5XWyzdW4lGs6RH+eoB1g0lUKIkluAqGwl5CzPosYwWqPfBKsha/mqIAMR8mW5e\r\nY2QEWqgMhPsSZl1DcbQiKZAbZyf9AgVXnVD1hgeMvDX5qtJAFA8Wv1s5V61Jw9+x\r\nDy47Ki7QfqK50xc3bExKYcUU71NkWzcYWUSJ9rWgKGMn/vwRoQemie2CI7J0E8SY\r\nXY9fjftgcd0ck88mIdBTm8CdVeuH6rL7w/CMb/MwBbTYt+Awk7yguV6g5gyJze3m\r\nvSQ8HZDQ/NyjnB2zBS0H2Pi9llFaMIln5N/DSFLmFM6fK2HhYQ5VRH5lEsmuqzoo\r\nJqcLNMoECU2IWl4qJJBpJyNZiPiOa4ATrfbUbzmYyJZd4Qp+SBJXZQO9cqR31Wiv\r\nK/Yftr6cPei4C9STo0wdoYk1xbtQGBiHFKQ+6XLsrVFr1PECdW5adNM78iXzf7B+\r\nHAgJTKQHYlcLloexAgMBAAECggGAZx9jTzAg/0CBHUct2vre6fY23fn8un9GB44a\r\no++/MgJ4QvbRFQHss9b9XEzYCElV/fOQJNk6IwemliGtRk6exh2ftH1koMiNe5z7\r\n71XC4pPB7Glz/226hywws5D3wOSlSsxYNCrceCiTvnhyRi0rxf429KUO+A/Dm6XU\r\n8CDxkuC+CiHh+AztpJjeBlE9LocdRAXPQh6awdgqG6GDEeRoi7PaS/nO1wv1Ndoo\r\nhoEnUShwruDf/xjDDvGI9+9oB24b7sqifnik+eypHbT1k5Gty7nLT8l0mliH1dPy\r\nP0dbOsqJtCs5vb1gJ6F8fnjzfrVR7QR0Aqh5Nub1MOBYrciE/r9J3ZOZkqbzwBdL\r\nS2f5P7FMzRC8fJOXTvUQYuZ9ETt+qaW/uwft7tvkDgsNkusa8TjpVIPTC5KjXP6v\r\nP6tVvZUDvBQfFQtREgwLh4bgHECwyoYX1OJfdt+wxcCpvVluLElLf+ryqWHVzzYh\r\nKPDhM8DV3rRbTXtBzUY9QM/igKpNAoHBANnjrXKwiFJXDOmsO72uA7ghc06HsAsN\r\n2YPUPv1dwXajS/UbkECQAb67V2+YZ8lLWzPp1ED5J3nJVNOV/cb1RAiSjtu3kRUZ\r\nMWFaWAhM70pUQWnZT8wrxBz8bApSI5UWkpQ4Ili73JxDsFyQRvSO2tFci5LBOOjo\r\nhwgHfz9blOALgQOnNFRD7oMYTnINYQjsGsykKxOJRtKuGIqxB+uBGW/lBVegD5ZE\r\nFy/UK8qVnHweQTWwbU9i92T9/X9S7vJsEwKBwQD7itXSCUAD6lqozt0V4I6xDyCn\r\nuq/TTzIzUyEt180Mmp4k8sLjxkIAbFr8j5kD5zyXHukGGa89j5Yp64cAr9lpMJUk\r\nVV53/Fr78JcSNPlygdz0tm5In4/EmjECwxzCKTSqGyqq0k01a3mahUX5HmvAGp3B\r\nNp5vBA7BUbrDPZGknoyW1OSsWrpPYkyRLfkRMOIskk7NmDko28RG6TMn+emJvuNg\r\nHkkcfSjEgxMbiIwt2FKKiSLkvg3BqYmp0SXTLasCgcBum9Kv9wes7P3kHYfSOWUv\r\n8uMrCVyHsAcskfFMA20zgaAMlGp9K92G6mlvgCmnmPZ6ewhB13l/rIHAS1Mhzd40\r\nj9mvlhczY6+aoRcxV4Td8bmnNyb4GXubz1Q1RQ9FHslYLsrYyr0qIn6D7sXmXiKc\r\nx2MfI7F1Ip1xqQSisCX6OjzLEvVQlY+dwxgHc90/f0P3gJtRdo2aY8CXn1jK56V3\r\nFQbKPbnL6VLv98AnPh3LMDygOaiz9SRrgzhNi1c7fzsCgcAib6NOGc4VuyOmMIu7\r\nzv455yRFUh14BEOPGzZTnFOKAjDcRg/ANwgaHrtmEBKWojV9StID78g52UppesEE\r\nqw5MhEYmrzk7m+So0QsdhvsPXg/twHvgnVeFRsam5ictvY5kK0vwDtJbGdeP++bU\r\ncAG4TuyB4wRVlmyesp2q1Ob3bm04yPR1VAZlj8ODrJOIcvTDvVPkeY55tXxtaMeE\r\nFYaPQP7Hzd2cdNX78SXQgyUNsau7I4MPZaVked1KzkMrYfkCgcBUHCtgVPtSzjSM\r\nVVCqF78K1hRvPWlNfnakyY4BWk/nNDYRRDdXJk/HjBUUGrKfq9/YGVNMyreVoe/a\r\nlzp3UJidsuEaKhQiUygKQAgDyK8nSvDVZ61fcLjRnh61+80851F5u+WGbt5X4Q6s\r\nc2k0spryDkkMoGvPqZ578KlSCq4twoX/RkAK6e8Vn8Qxo/rG9Rz+LMH3zAWtnA6y\r\ni3faEwDhn29w060p58L7TlHrutZ7SmnbCc0ldnhMBV2olcdOFsQ=\r\n-----END RSA PRIVATE KEY-----\r\n",
      "type": "string"
    },
    "resource_group_name": {
      "value": "FLTraining-rg",
      "type": "string"
    }
  },
  "resources": [
    {
      "mode": "managed",
      "type": "azapi_resource",
      "name": "ssh_public_key",
      "provider": "provider[\"registry.terraform.io/azure/azapi\"]",
      "instances": [
        {
          "schema_version": 1,
          "attributes": {
            "body": {
              "value": "{}",
              "type": "string"
            },
            "id": "/subscriptions/282e3ae7-cd70-49bc-b082-c779e0240386/resourceGroups/FLTraining-rg/providers/Microsoft.Compute/sshPublicKeys/sshtopsmonarch",
            "identity": [],
            "ignore_body_changes": null,
            "ignore_casing": false,
            "ignore_missing_property": true,
            "location": "southeastasia",
            "locks": null,
            "name": "sshtopsmonarch",
            "output": {
              "value": "{}",
              "type": "string"
            },
            "parent_id": "/subscriptions/282e3ae7-cd70-49bc-b082-c779e0240386/resourceGroups/FLTraining-rg",
            "removing_special_chars": false,
            "response_export_values": null,
            "schema_validation_enabled": true,
            "tags": null,
            "timeouts": null,
            "type": "Microsoft.Compute/sshPublicKeys@2022-11-01"
          },
          "sensitive_attributes": [],
          "dependencies": [
            "azurerm_resource_group.rg",
            "random_pet.ssh_key_name"
          ]
        }
      ]
    },
    {
      "mode": "managed",
      "type": "azapi_resource_action",
      "name": "ssh_public_key_gen",
      "provider": "provider[\"registry.terraform.io/azure/azapi\"]",
      "instances": [
        {
          "schema_version": 1,
          "attributes": {
            "action": "generateKeyPair",
            "body": null,
            "id": "/subscriptions/282e3ae7-cd70-49bc-b082-c779e0240386/resourceGroups/FLTraining-rg/providers/Microsoft.Compute/sshPublicKeys/sshtopsmonarch/generateKeyPair",
            "locks": null,
            "method": "POST",
            "output": {
              "value": {
                "privateKey": "-----BEGIN RSA PRIVATE KEY-----\r\nMIIG4gIBAAKCAYEA1hhlyCbdBIeAG5NSkQYv1oUOFpF2QIE9so2Y+Wjw5+MVN/Uy\r\nvb5XWyzdW4lGs6RH+eoB1g0lUKIkluAqGwl5CzPosYwWqPfBKsha/mqIAMR8mW5e\r\nY2QEWqgMhPsSZl1DcbQiKZAbZyf9AgVXnVD1hgeMvDX5qtJAFA8Wv1s5V61Jw9+x\r\nDy47Ki7QfqK50xc3bExKYcUU71NkWzcYWUSJ9rWgKGMn/vwRoQemie2CI7J0E8SY\r\nXY9fjftgcd0ck88mIdBTm8CdVeuH6rL7w/CMb/MwBbTYt+Awk7yguV6g5gyJze3m\r\nvSQ8HZDQ/NyjnB2zBS0H2Pi9llFaMIln5N/DSFLmFM6fK2HhYQ5VRH5lEsmuqzoo\r\nJqcLNMoECU2IWl4qJJBpJyNZiPiOa4ATrfbUbzmYyJZd4Qp+SBJXZQO9cqR31Wiv\r\nK/Yftr6cPei4C9STo0wdoYk1xbtQGBiHFKQ+6XLsrVFr1PECdW5adNM78iXzf7B+\r\nHAgJTKQHYlcLloexAgMBAAECggGAZx9jTzAg/0CBHUct2vre6fY23fn8un9GB44a\r\no++/MgJ4QvbRFQHss9b9XEzYCElV/fOQJNk6IwemliGtRk6exh2ftH1koMiNe5z7\r\n71XC4pPB7Glz/226hywws5D3wOSlSsxYNCrceCiTvnhyRi0rxf429KUO+A/Dm6XU\r\n8CDxkuC+CiHh+AztpJjeBlE9LocdRAXPQh6awdgqG6GDEeRoi7PaS/nO1wv1Ndoo\r\nhoEnUShwruDf/xjDDvGI9+9oB24b7sqifnik+eypHbT1k5Gty7nLT8l0mliH1dPy\r\nP0dbOsqJtCs5vb1gJ6F8fnjzfrVR7QR0Aqh5Nub1MOBYrciE/r9J3ZOZkqbzwBdL\r\nS2f5P7FMzRC8fJOXTvUQYuZ9ETt+qaW/uwft7tvkDgsNkusa8TjpVIPTC5KjXP6v\r\nP6tVvZUDvBQfFQtREgwLh4bgHECwyoYX1OJfdt+wxcCpvVluLElLf+ryqWHVzzYh\r\nKPDhM8DV3rRbTXtBzUY9QM/igKpNAoHBANnjrXKwiFJXDOmsO72uA7ghc06HsAsN\r\n2YPUPv1dwXajS/UbkECQAb67V2+YZ8lLWzPp1ED5J3nJVNOV/cb1RAiSjtu3kRUZ\r\nMWFaWAhM70pUQWnZT8wrxBz8bApSI5UWkpQ4Ili73JxDsFyQRvSO2tFci5LBOOjo\r\nhwgHfz9blOALgQOnNFRD7oMYTnINYQjsGsykKxOJRtKuGIqxB+uBGW/lBVegD5ZE\r\nFy/UK8qVnHweQTWwbU9i92T9/X9S7vJsEwKBwQD7itXSCUAD6lqozt0V4I6xDyCn\r\nuq/TTzIzUyEt180Mmp4k8sLjxkIAbFr8j5kD5zyXHukGGa89j5Yp64cAr9lpMJUk\r\nVV53/Fr78JcSNPlygdz0tm5In4/EmjECwxzCKTSqGyqq0k01a3mahUX5HmvAGp3B\r\nNp5vBA7BUbrDPZGknoyW1OSsWrpPYkyRLfkRMOIskk7NmDko28RG6TMn+emJvuNg\r\nHkkcfSjEgxMbiIwt2FKKiSLkvg3BqYmp0SXTLasCgcBum9Kv9wes7P3kHYfSOWUv\r\n8uMrCVyHsAcskfFMA20zgaAMlGp9K92G6mlvgCmnmPZ6ewhB13l/rIHAS1Mhzd40\r\nj9mvlhczY6+aoRcxV4Td8bmnNyb4GXubz1Q1RQ9FHslYLsrYyr0qIn6D7sXmXiKc\r\nx2MfI7F1Ip1xqQSisCX6OjzLEvVQlY+dwxgHc90/f0P3gJtRdo2aY8CXn1jK56V3\r\nFQbKPbnL6VLv98AnPh3LMDygOaiz9SRrgzhNi1c7fzsCgcAib6NOGc4VuyOmMIu7\r\nzv455yRFUh14BEOPGzZTnFOKAjDcRg/ANwgaHrtmEBKWojV9StID78g52UppesEE\r\nqw5MhEYmrzk7m+So0QsdhvsPXg/twHvgnVeFRsam5ictvY5kK0vwDtJbGdeP++bU\r\ncAG4TuyB4wRVlmyesp2q1Ob3bm04yPR1VAZlj8ODrJOIcvTDvVPkeY55tXxtaMeE\r\nFYaPQP7Hzd2cdNX78SXQgyUNsau7I4MPZaVked1KzkMrYfkCgcBUHCtgVPtSzjSM\r\nVVCqF78K1hRvPWlNfnakyY4BWk/nNDYRRDdXJk/HjBUUGrKfq9/YGVNMyreVoe/a\r\nlzp3UJidsuEaKhQiUygKQAgDyK8nSvDVZ61fcLjRnh61+80851F5u+WGbt5X4Q6s\r\nc2k0spryDkkMoGvPqZ578KlSCq4twoX/RkAK6e8Vn8Qxo/rG9Rz+LMH3zAWtnA6y\r\ni3faEwDhn29w060p58L7TlHrutZ7SmnbCc0ldnhMBV2olcdOFsQ=\r\n-----END RSA PRIVATE KEY-----\r\n",
                "publicKey": "ssh-rsa AAAAB3NzaC1yc2EAAAADAQABAAABgQDWGGXIJt0Eh4Abk1KRBi/WhQ4WkXZAgT2yjZj5aPDn4xU39TK9vldbLN1biUazpEf56gHWDSVQoiSW4CobCXkLM+ixjBao98EqyFr+aogAxHyZbl5jZARaqAyE+xJmXUNxtCIpkBtnJ/0CBVedUPWGB4y8Nfmq0kAUDxa/WzlXrUnD37EPLjsqLtB+ornTFzdsTEphxRTvU2RbNxhZRIn2taAoYyf+/BGhB6aJ7YIjsnQTxJhdj1+N+2Bx3RyTzyYh0FObwJ1V64fqsvvD8Ixv8zAFtNi34DCTvKC5XqDmDInN7ea9JDwdkND83KOcHbMFLQfY+L2WUVowiWfk38NIUuYUzp8rYeFhDlVEfmUSya6rOigmpws0ygQJTYhaXiokkGknI1mI+I5rgBOt9tRvOZjIll3hCn5IEldlA71ypHfVaK8r9h+2vpw96LgL1JOjTB2hiTXFu1AYGIcUpD7pcuytUWvU8QJ1blp00zvyJfN/sH4cCAlMpAdiVwuWh7E= generated-by-azure"
              },
              "type": [
                "object",
                {
                  "privateKey": "string",
                  "publicKey": "string"
                }
              ]
            },
            "resource_id": "/subscriptions/282e3ae7-cd70-49bc-b082-c779e0240386/resourceGroups/FLTraining-rg/providers/Microsoft.Compute/sshPublicKeys/sshtopsmonarch",
            "response_export_values": [
              "publicKey",
              "privateKey"
            ],
            "timeouts": null,
            "type": "Microsoft.Compute/sshPublicKeys@2022-11-01",
            "when": "apply"
          },
          "sensitive_attributes": [],
          "dependencies": [
            "azapi_resource.ssh_public_key",
            "azurerm_resource_group.rg",
            "random_pet.ssh_key_name"
          ]
        }
      ]
    },
    {
      "mode": "managed",
      "type": "azurerm_resource_group",
      "name": "rg",
      "provider": "provider[\"registry.terraform.io/hashicorp/azurerm\"]",
      "instances": [
        {
          "schema_version": 0,
          "attributes": {
            "id": "/subscriptions/282e3ae7-cd70-49bc-b082-c779e0240386/resourceGroups/FLTraining-rg",
            "location": "southeastasia",
            "managed_by": "",
            "name": "FLTraining-rg",
            "tags": {},
            "timeouts": null
          },
          "sensitive_attributes": [],
          "private": "eyJlMmJmYjczMC1lY2FhLTExZTYtOGY4OC0zNDM2M2JjN2M0YzAiOnsiY3JlYXRlIjo1NDAwMDAwMDAwMDAwLCJkZWxldGUiOjU0MDAwMDAwMDAwMDAsInJlYWQiOjMwMDAwMDAwMDAwMCwidXBkYXRlIjo1NDAwMDAwMDAwMDAwfX0="
        }
      ]
    },
    {
      "mode": "managed",
      "type": "random_pet",
      "name": "ssh_key_name",
      "provider": "provider[\"registry.terraform.io/hashicorp/random\"]",
      "instances": [
        {
          "schema_version": 0,
          "attributes": {
            "id": "sshtopsmonarch",
            "keepers": null,
            "length": 2,
            "prefix": "ssh",
            "separator": ""
          },
          "sensitive_attributes": []
        }
      ]
    },
    {
      "module": "module.virtualMachines",
      "mode": "managed",
      "type": "azurerm_dev_test_global_vm_shutdown_schedule",
      "name": "cpshutdown",
      "provider": "provider[\"registry.terraform.io/hashicorp/azurerm\"]",
      "instances": [
        {
          "schema_version": 0,
          "attributes": {
            "daily_recurrence_time": "2200",
            "enabled": true,
            "id": "/subscriptions/282e3ae7-cd70-49bc-b082-c779e0240386/resourceGroups/FLTraining-rg/providers/Microsoft.DevTestLab/schedules/shutdown-computevm-cp",
            "location": "southeastasia",
            "notification_settings": [
              {
                "email": "",
                "enabled": false,
                "time_in_minutes": 30,
                "webhook_url": ""
              }
            ],
            "tags": {},
            "timeouts": null,
            "timezone": "Singapore Standard Time",
            "virtual_machine_id": "/subscriptions/282e3ae7-cd70-49bc-b082-c779e0240386/resourceGroups/FLTraining-rg/providers/Microsoft.Compute/virtualMachines/cp"
          },
          "sensitive_attributes": [],
          "private": "eyJlMmJmYjczMC1lY2FhLTExZTYtOGY4OC0zNDM2M2JjN2M0YzAiOnsiY3JlYXRlIjoxODAwMDAwMDAwMDAwLCJkZWxldGUiOjE4MDAwMDAwMDAwMDAsInJlYWQiOjMwMDAwMDAwMDAwMCwidXBkYXRlIjoxODAwMDAwMDAwMDAwfX0=",
          "dependencies": [
            "azapi_resource.ssh_public_key",
            "azapi_resource_action.ssh_public_key_gen",
            "azurerm_resource_group.rg",
            "module.virtualMachines.azurerm_linux_virtual_machine.cp",
            "module.virtualMachines.azurerm_network_interface.default",
            "module.virtualMachines.azurerm_public_ip.cp_pip",
            "module.virtualMachines.azurerm_subnet.default",
            "module.virtualMachines.azurerm_virtual_network.default",
            "random_pet.ssh_key_name"
          ]
        }
      ]
    },
    {
      "module": "module.virtualMachines",
      "mode": "managed",
      "type": "azurerm_linux_virtual_machine",
      "name": "cp",
      "provider": "provider[\"registry.terraform.io/hashicorp/azurerm\"]",
      "instances": [
        {
          "schema_version": 0,
          "attributes": {
            "additional_capabilities": [],
            "admin_password": "Testing1234",
            "admin_ssh_key": [
              {
                "public_key": "ssh-rsa AAAAB3NzaC1yc2EAAAADAQABAAABgQDWGGXIJt0Eh4Abk1KRBi/WhQ4WkXZAgT2yjZj5aPDn4xU39TK9vldbLN1biUazpEf56gHWDSVQoiSW4CobCXkLM+ixjBao98EqyFr+aogAxHyZbl5jZARaqAyE+xJmXUNxtCIpkBtnJ/0CBVedUPWGB4y8Nfmq0kAUDxa/WzlXrUnD37EPLjsqLtB+ornTFzdsTEphxRTvU2RbNxhZRIn2taAoYyf+/BGhB6aJ7YIjsnQTxJhdj1+N+2Bx3RyTzyYh0FObwJ1V64fqsvvD8Ixv8zAFtNi34DCTvKC5XqDmDInN7ea9JDwdkND83KOcHbMFLQfY+L2WUVowiWfk38NIUuYUzp8rYeFhDlVEfmUSya6rOigmpws0ygQJTYhaXiokkGknI1mI+I5rgBOt9tRvOZjIll3hCn5IEldlA71ypHfVaK8r9h+2vpw96LgL1JOjTB2hiTXFu1AYGIcUpD7pcuytUWvU8QJ1blp00zvyJfN/sH4cCAlMpAdiVwuWh7E= generated-by-azure",
                "username": "kurox"
              }
            ],
            "admin_username": "kurox",
            "allow_extension_operations": true,
            "availability_set_id": "",
            "boot_diagnostics": [],
            "bypass_platform_safety_checks_on_user_schedule_enabled": false,
            "capacity_reservation_group_id": "",
            "computer_name": "cp",
            "custom_data": null,
            "dedicated_host_group_id": "",
            "dedicated_host_id": "",
            "disable_password_authentication": false,
            "disk_controller_type": "",
            "edge_zone": "",
            "encryption_at_host_enabled": false,
            "eviction_policy": "Deallocate",
            "extensions_time_budget": "PT1H30M",
            "gallery_application": [],
            "id": "/subscriptions/282e3ae7-cd70-49bc-b082-c779e0240386/resourceGroups/FLTraining-rg/providers/Microsoft.Compute/virtualMachines/cp",
            "identity": [],
            "license_type": "",
            "location": "southeastasia",
            "max_bid_price": -1,
            "name": "cp",
            "network_interface_ids": [
              "/subscriptions/282e3ae7-cd70-49bc-b082-c779e0240386/resourceGroups/FLTraining-rg/providers/Microsoft.Network/networkInterfaces/fltraining-nic"
            ],
            "os_disk": [
              {
                "caching": "ReadWrite",
                "diff_disk_settings": [],
                "disk_encryption_set_id": "",
                "disk_size_gb": 30,
                "name": "cp_OsDisk_1_c086dcb29dfc451996bb70529eeed5aa",
                "secure_vm_disk_encryption_set_id": "",
                "security_encryption_type": "",
                "storage_account_type": "Standard_LRS",
                "write_accelerator_enabled": false
              }
            ],
            "os_image_notification": [],
            "patch_assessment_mode": "ImageDefault",
            "patch_mode": "ImageDefault",
            "plan": [],
            "platform_fault_domain": -1,
            "priority": "Spot",
            "private_ip_address": "10.0.2.4",
            "private_ip_addresses": [
              "10.0.2.4"
            ],
            "provision_vm_agent": true,
            "proximity_placement_group_id": "",
            "public_ip_address": "52.187.146.174",
            "public_ip_addresses": [
              "52.187.146.174"
            ],
            "reboot_setting": "",
            "resource_group_name": "FLTraining-rg",
            "secret": [],
            "secure_boot_enabled": false,
            "size": "Standard_B2ls_v2",
            "source_image_id": "",
            "source_image_reference": [
              {
                "offer": "0001-com-ubuntu-server-jammy",
                "publisher": "canonical",
                "sku": "22_04-lts",
                "version": "latest"
              }
            ],
            "tags": {},
            "termination_notification": [],
            "timeouts": null,
            "user_data": "",
            "virtual_machine_id": "4438f7dd-0eac-4cdb-aaa3-4503bf9cc3e7",
            "virtual_machine_scale_set_id": "",
            "vm_agent_platform_updates_enabled": false,
            "vtpm_enabled": false,
            "zone": ""
          },
          "sensitive_attributes": [],
          "private": "eyJlMmJmYjczMC1lY2FhLTExZTYtOGY4OC0zNDM2M2JjN2M0YzAiOnsiY3JlYXRlIjoyNzAwMDAwMDAwMDAwLCJkZWxldGUiOjI3MDAwMDAwMDAwMDAsInJlYWQiOjMwMDAwMDAwMDAwMCwidXBkYXRlIjoyNzAwMDAwMDAwMDAwfX0=",
          "dependencies": [
            "azapi_resource.ssh_public_key",
            "azapi_resource_action.ssh_public_key_gen",
            "azurerm_resource_group.rg",
            "module.virtualMachines.azurerm_network_interface.default",
            "module.virtualMachines.azurerm_public_ip.cp_pip",
            "module.virtualMachines.azurerm_subnet.default",
            "module.virtualMachines.azurerm_virtual_network.default",
            "random_pet.ssh_key_name"
          ]
        }
      ]
    },
    {
      "module": "module.virtualMachines",
      "mode": "managed",
      "type": "azurerm_network_interface",
      "name": "default",
      "provider": "provider[\"registry.terraform.io/hashicorp/azurerm\"]",
      "instances": [
        {
          "schema_version": 0,
          "attributes": {
            "accelerated_networking_enabled": false,
            "applied_dns_servers": [],
            "auxiliary_mode": "",
            "auxiliary_sku": "",
            "dns_servers": [],
            "edge_zone": "",
            "enable_accelerated_networking": false,
            "enable_ip_forwarding": false,
            "id": "/subscriptions/282e3ae7-cd70-49bc-b082-c779e0240386/resourceGroups/FLTraining-rg/providers/Microsoft.Network/networkInterfaces/fltraining-nic",
            "internal_dns_name_label": "",
            "internal_domain_name_suffix": "espsbxaahd2edeg0cqqeqppmmb.ix.internal.cloudapp.net",
            "ip_configuration": [
              {
                "gateway_load_balancer_frontend_ip_configuration_id": "",
                "name": "fltraining-ipc",
                "primary": true,
                "private_ip_address": "10.0.2.4",
                "private_ip_address_allocation": "Dynamic",
                "private_ip_address_version": "IPv4",
                "public_ip_address_id": "/subscriptions/282e3ae7-cd70-49bc-b082-c779e0240386/resourceGroups/FLTraining-rg/providers/Microsoft.Network/publicIPAddresses/cp-pip",
                "subnet_id": "/subscriptions/282e3ae7-cd70-49bc-b082-c779e0240386/resourceGroups/FLTraining-rg/providers/Microsoft.Network/virtualNetworks/fltraining-vn/subnets/fltraining-sn"
              }
            ],
            "ip_forwarding_enabled": false,
            "location": "southeastasia",
            "mac_address": "00-0D-3A-C9-63-21",
            "name": "fltraining-nic",
            "private_ip_address": "10.0.2.4",
            "private_ip_addresses": [
              "10.0.2.4"
            ],
            "resource_group_name": "FLTraining-rg",
            "tags": {},
            "timeouts": null,
            "virtual_machine_id": "/subscriptions/282e3ae7-cd70-49bc-b082-c779e0240386/resourceGroups/FLTraining-rg/providers/Microsoft.Compute/virtualMachines/cp"
          },
          "sensitive_attributes": [],
          "private": "eyJlMmJmYjczMC1lY2FhLTExZTYtOGY4OC0zNDM2M2JjN2M0YzAiOnsiY3JlYXRlIjoxODAwMDAwMDAwMDAwLCJkZWxldGUiOjE4MDAwMDAwMDAwMDAsInJlYWQiOjMwMDAwMDAwMDAwMCwidXBkYXRlIjoxODAwMDAwMDAwMDAwfX0=",
          "dependencies": [
            "azurerm_resource_group.rg",
            "module.virtualMachines.azurerm_public_ip.cp_pip",
            "module.virtualMachines.azurerm_subnet.default",
            "module.virtualMachines.azurerm_virtual_network.default"
          ]
        }
      ]
    },
    {
      "module": "module.virtualMachines",
      "mode": "managed",
      "type": "azurerm_network_interface_security_group_association",
      "name": "default",
      "provider": "provider[\"registry.terraform.io/hashicorp/azurerm\"]",
      "instances": [
        {
          "schema_version": 0,
          "attributes": {
            "id": "/subscriptions/282e3ae7-cd70-49bc-b082-c779e0240386/resourceGroups/FLTraining-rg/providers/Microsoft.Network/networkInterfaces/fltraining-nic|/subscriptions/282e3ae7-cd70-49bc-b082-c779e0240386/resourceGroups/FLTraining-rg/providers/Microsoft.Network/networkSecurityGroups/fltraining-nsg",
            "network_interface_id": "/subscriptions/282e3ae7-cd70-49bc-b082-c779e0240386/resourceGroups/FLTraining-rg/providers/Microsoft.Network/networkInterfaces/fltraining-nic",
            "network_security_group_id": "/subscriptions/282e3ae7-cd70-49bc-b082-c779e0240386/resourceGroups/FLTraining-rg/providers/Microsoft.Network/networkSecurityGroups/fltraining-nsg",
            "timeouts": null
          },
          "sensitive_attributes": [],
          "private": "eyJlMmJmYjczMC1lY2FhLTExZTYtOGY4OC0zNDM2M2JjN2M0YzAiOnsiY3JlYXRlIjoxODAwMDAwMDAwMDAwLCJkZWxldGUiOjE4MDAwMDAwMDAwMDAsInJlYWQiOjMwMDAwMDAwMDAwMH19",
          "dependencies": [
            "azurerm_resource_group.rg",
            "module.virtualMachines.azurerm_network_interface.default",
            "module.virtualMachines.azurerm_network_security_group.my_terraform_nsg"
          ]
        }
      ]
    },
    {
      "module": "module.virtualMachines",
      "mode": "managed",
      "type": "azurerm_network_security_group",
      "name": "my_terraform_nsg",
      "provider": "provider[\"registry.terraform.io/hashicorp/azurerm\"]",
      "instances": [
        {
          "schema_version": 0,
          "attributes": {
            "id": "/subscriptions/282e3ae7-cd70-49bc-b082-c779e0240386/resourceGroups/FLTraining-rg/providers/Microsoft.Network/networkSecurityGroups/fltraining-nsg",
            "location": "southeastasia",
            "name": "fltraining-nsg",
            "resource_group_name": "FLTraining-rg",
            "security_rule": [
              {
                "access": "Allow",
                "description": "",
                "destination_address_prefix": "*",
                "destination_address_prefixes": [],
                "destination_application_security_group_ids": [],
                "destination_port_range": "22",
                "destination_port_ranges": [],
                "direction": "Inbound",
                "name": "SSH",
                "priority": 1001,
                "protocol": "Tcp",
                "source_address_prefix": "*",
                "source_address_prefixes": [],
                "source_application_security_group_ids": [],
                "source_port_range": "*",
                "source_port_ranges": []
              }
            ],
            "tags": null,
            "timeouts": null
          },
          "sensitive_attributes": [],
          "private": "eyJlMmJmYjczMC1lY2FhLTExZTYtOGY4OC0zNDM2M2JjN2M0YzAiOnsiY3JlYXRlIjoxODAwMDAwMDAwMDAwLCJkZWxldGUiOjE4MDAwMDAwMDAwMDAsInJlYWQiOjMwMDAwMDAwMDAwMCwidXBkYXRlIjoxODAwMDAwMDAwMDAwfX0=",
          "dependencies": [
            "azurerm_resource_group.rg"
          ]
        }
      ]
    },
    {
      "module": "module.virtualMachines",
      "mode": "managed",
      "type": "azurerm_public_ip",
      "name": "cp_pip",
      "provider": "provider[\"registry.terraform.io/hashicorp/azurerm\"]",
      "instances": [
        {
          "schema_version": 0,
          "attributes": {
            "allocation_method": "Static",
            "ddos_protection_mode": "VirtualNetworkInherited",
            "ddos_protection_plan_id": null,
            "domain_name_label": null,
            "edge_zone": "",
            "fqdn": null,
            "id": "/subscriptions/282e3ae7-cd70-49bc-b082-c779e0240386/resourceGroups/FLTraining-rg/providers/Microsoft.Network/publicIPAddresses/cp-pip",
            "idle_timeout_in_minutes": 4,
            "ip_address": "52.187.146.174",
            "ip_tags": {},
            "ip_version": "IPv4",
            "location": "southeastasia",
            "name": "cp-pip",
            "public_ip_prefix_id": null,
            "resource_group_name": "FLTraining-rg",
            "reverse_fqdn": null,
            "sku": "Basic",
            "sku_tier": "Regional",
            "tags": {},
            "timeouts": null,
            "zones": []
          },
          "sensitive_attributes": [],
          "private": "eyJlMmJmYjczMC1lY2FhLTExZTYtOGY4OC0zNDM2M2JjN2M0YzAiOnsiY3JlYXRlIjoxODAwMDAwMDAwMDAwLCJkZWxldGUiOjE4MDAwMDAwMDAwMDAsInJlYWQiOjMwMDAwMDAwMDAwMCwidXBkYXRlIjoxODAwMDAwMDAwMDAwfX0=",
          "dependencies": [
            "azurerm_resource_group.rg"
          ]
        }
      ]
    },
    {
      "module": "module.virtualMachines",
      "mode": "managed",
      "type": "azurerm_subnet",
      "name": "default",
      "provider": "provider[\"registry.terraform.io/hashicorp/azurerm\"]",
      "instances": [
        {
          "schema_version": 0,
          "attributes": {
            "address_prefixes": [
              "10.0.2.0/24"
            ],
            "default_outbound_access_enabled": true,
            "delegation": [],
            "enforce_private_link_endpoint_network_policies": false,
            "enforce_private_link_service_network_policies": false,
            "id": "/subscriptions/282e3ae7-cd70-49bc-b082-c779e0240386/resourceGroups/FLTraining-rg/providers/Microsoft.Network/virtualNetworks/fltraining-vn/subnets/fltraining-sn",
            "name": "fltraining-sn",
            "private_endpoint_network_policies": "Enabled",
            "private_endpoint_network_policies_enabled": true,
            "private_link_service_network_policies_enabled": true,
            "resource_group_name": "FLTraining-rg",
            "service_endpoint_policy_ids": [],
            "service_endpoints": [],
            "timeouts": null,
            "virtual_network_name": "fltraining-vn"
          },
          "sensitive_attributes": [],
          "private": "eyJlMmJmYjczMC1lY2FhLTExZTYtOGY4OC0zNDM2M2JjN2M0YzAiOnsiY3JlYXRlIjoxODAwMDAwMDAwMDAwLCJkZWxldGUiOjE4MDAwMDAwMDAwMDAsInJlYWQiOjMwMDAwMDAwMDAwMCwidXBkYXRlIjoxODAwMDAwMDAwMDAwfX0=",
          "dependencies": [
            "azurerm_resource_group.rg",
            "module.virtualMachines.azurerm_virtual_network.default"
          ]
        }
      ]
    },
    {
      "module": "module.virtualMachines",
      "mode": "managed",
      "type": "azurerm_virtual_network",
      "name": "default",
      "provider": "provider[\"registry.terraform.io/hashicorp/azurerm\"]",
      "instances": [
        {
          "schema_version": 0,
          "attributes": {
            "address_space": [
              "10.0.0.0/16"
            ],
            "bgp_community": "",
            "ddos_protection_plan": [],
            "dns_servers": [],
            "edge_zone": "",
            "encryption": [],
            "flow_timeout_in_minutes": 0,
            "guid": "dc209f24-3800-41f8-90da-1420483dec61",
            "id": "/subscriptions/282e3ae7-cd70-49bc-b082-c779e0240386/resourceGroups/FLTraining-rg/providers/Microsoft.Network/virtualNetworks/fltraining-vn",
            "location": "southeastasia",
            "name": "fltraining-vn",
            "resource_group_name": "FLTraining-rg",
            "subnet": [
              {
                "address_prefix": "10.0.2.0/24",
                "id": "/subscriptions/282e3ae7-cd70-49bc-b082-c779e0240386/resourceGroups/FLTraining-rg/providers/Microsoft.Network/virtualNetworks/fltraining-vn/subnets/fltraining-sn",
                "name": "fltraining-sn",
                "security_group": ""
              }
            ],
            "tags": {},
            "timeouts": null
          },
          "sensitive_attributes": [],
          "private": "eyJlMmJmYjczMC1lY2FhLTExZTYtOGY4OC0zNDM2M2JjN2M0YzAiOnsiY3JlYXRlIjoxODAwMDAwMDAwMDAwLCJkZWxldGUiOjE4MDAwMDAwMDAwMDAsInJlYWQiOjMwMDAwMDAwMDAwMCwidXBkYXRlIjoxODAwMDAwMDAwMDAwfX0=",
          "dependencies": [
            "azurerm_resource_group.rg"
          ]
        }
      ]
    }
  ]
}
